
Microsoft Visual Studio Solution File, Format Version 12.00
# Visual Studio Version 16
VisualStudioVersion = 16.0.31105.61
MinimumVisualStudioVersion = 10.0.40219.1
Project("{FAE04EC0-301F-11D3-BF4B-00C04F79EFBC}") = "NewBookModelsApiTests", "NewBookModelsApiTests\NewBookModelsApiTests.csproj", "{3466EDF9-AD44-46CB-B34B-69402F99CDA7}"
EndProject
Global
	GlobalSection(SolutionConfigurationPlatforms) = preSolution
		Debug|Any CPU = Debug|Any CPU
		Release|Any CPU = Release|Any CPU
	EndGlobalSection
	GlobalSection(ProjectConfigurationPlatforms) = postSolution
		{3466EDF9-AD44-46CB-B34B-69402F99CDA7}.Debug|Any CPU.ActiveCfg = Debug|Any CPU
		{3466EDF9-AD44-46CB-B34B-69402F99CDA7}.Debug|Any CPU.Build.0 = Debug|Any CPU
		{3466EDF9-AD44-46CB-B34B-69402F99CDA7}.Release|Any CPU.ActiveCfg = Release|Any CPU
		{3466EDF9-AD44-46CB-B34B-69402F99CDA7}.Release|Any CPU.Build.0 = Release|Any CPU
	EndGlobalSection
	GlobalSection(SolutionProperties) = preSolution
		HideSolutionNode = FALSE
	EndGlobalSection
	GlobalSection(ExtensibilityGlobals) = postSolution
		SolutionGuid = {EFACDA95-3614-41A9-95A6-7A0C009A61A9}
	EndGlobalSection
EndGlobal
